
Microsoft Visual Studio Solution File, Format Version 12.00
# Visual Studio Version 17
VisualStudioVersion = 17.0.32014.148
MinimumVisualStudioVersion = 10.0.40219.1
Project("{FAE04EC0-301F-11D3-BF4B-00C04F79EFBC}") = "aspnetrun-microservices", "aspnetrun-microservices\aspnetrun-microservices.csproj", "{CC6AEE6C-633D-4103-BEC7-68B7949F6CD6}"
EndProject
Global
	GlobalSection(SolutionConfigurationPlatforms) = preSolution
		Debug|Any CPU = Debug|Any CPU
		Release|Any CPU = Release|Any CPU
	EndGlobalSection
	GlobalSection(ProjectConfigurationPlatforms) = postSolution
		{CC6AEE6C-633D-4103-BEC7-68B7949F6CD6}.Debug|Any CPU.ActiveCfg = Debug|Any CPU
		{CC6AEE6C-633D-4103-BEC7-68B7949F6CD6}.Debug|Any CPU.Build.0 = Debug|Any CPU
		{CC6AEE6C-633D-4103-BEC7-68B7949F6CD6}.Release|Any CPU.ActiveCfg = Release|Any CPU
		{CC6AEE6C-633D-4103-BEC7-68B7949F6CD6}.Release|Any CPU.Build.0 = Release|Any CPU
	EndGlobalSection
	GlobalSection(SolutionProperties) = preSolution
		HideSolutionNode = FALSE
	EndGlobalSection
	GlobalSection(ExtensibilityGlobals) = postSolution
		SolutionGuid = {868B0C43-793B-4CCF-AF31-FC12E9F6C7C4}
	EndGlobalSection
EndGlobal
